
Microsoft Visual Studio Solution File, Format Version 12.00
# Visual Studio Version 17
VisualStudioVersion = 17.6.33829.357
MinimumVisualStudioVersion = 10.0.40219.1
Project("{FAE04EC0-301F-11D3-BF4B-00C04F79EFBC}") = "DataFinder", "DataFinder\DataFinder.csproj", "{8BBB8F4F-26E9-4133-8B5A-0D7703185958}"
EndProject
Global
	GlobalSection(SolutionConfigurationPlatforms) = preSolution
		Debug|Any CPU = Debug|Any CPU
		Release|Any CPU = Release|Any CPU
	EndGlobalSection
	GlobalSection(ProjectConfigurationPlatforms) = postSolution
		{8BBB8F4F-26E9-4133-8B5A-0D7703185958}.Debug|Any CPU.ActiveCfg = Debug|Any CPU
		{8BBB8F4F-26E9-4133-8B5A-0D7703185958}.Debug|Any CPU.Build.0 = Debug|Any CPU
		{8BBB8F4F-26E9-4133-8B5A-0D7703185958}.Release|Any CPU.ActiveCfg = Release|Any CPU
		{8BBB8F4F-26E9-4133-8B5A-0D7703185958}.Release|Any CPU.Build.0 = Release|Any CPU
	EndGlobalSection
	GlobalSection(SolutionProperties) = preSolution
		HideSolutionNode = FALSE
	EndGlobalSection
	GlobalSection(ExtensibilityGlobals) = postSolution
		SolutionGuid = {627E039F-BE00-42DC-9D37-55A5F6C30E9E}
	EndGlobalSection
EndGlobal
